
Microsoft Visual Studio Solution File, Format Version 12.00
# Visual Studio 15
VisualStudioVersion = 15.0.27130.2027
MinimumVisualStudioVersion = 10.0.40219.1
Project("{2150E333-8FDC-42A3-9474-1A3956D46DE8}") = "0 - Entidades", "0 - Entidades", "{ED2F19E5-B130-43DD-9114-72D7FA7C9A0A}"
EndProject
Project("{2150E333-8FDC-42A3-9474-1A3956D46DE8}") = "1 - Sistema", "1 - Sistema", "{7DA58BB9-E046-4778-B49C-20D694E9E5FC}"
EndProject
Project("{2150E333-8FDC-42A3-9474-1A3956D46DE8}") = "1.1 - Apresentação", "1.1 - Apresentação", "{FD9687B5-CEFE-4891-8C15-B30FFC93AE23}"
EndProject
Project("{2150E333-8FDC-42A3-9474-1A3956D46DE8}") = "1.2 - Repositório", "1.2 - Repositório", "{A144AAB6-9E7C-4207-B951-3DA0D10393CE}"
EndProject
Project("{FAE04EC0-301F-11D3-BF4B-00C04F79EFBC}") = "Rifa.Entidades", "Rifa.Entidades\Rifa.Entidades.csproj", "{29E7B947-27C4-4E9B-8FED-24F4BA7CF715}"
EndProject
Project("{FAE04EC0-301F-11D3-BF4B-00C04F79EFBC}") = "Rifa.WEB", "Rifa.WEB\Rifa.WEB.csproj", "{C4736264-CA60-4216-B47D-F48131325045}"
EndProject
Project("{FAE04EC0-301F-11D3-BF4B-00C04F79EFBC}") = "Rifa.Repositorio", "Rifa.Repositorio\Rifa.Repositorio.csproj", "{F8F2590C-EE22-444C-B28A-3218414B79DF}"
EndProject
Global
	GlobalSection(SolutionConfigurationPlatforms) = preSolution
		Debug|Any CPU = Debug|Any CPU
		Release|Any CPU = Release|Any CPU
	EndGlobalSection
	GlobalSection(ProjectConfigurationPlatforms) = postSolution
		{29E7B947-27C4-4E9B-8FED-24F4BA7CF715}.Debug|Any CPU.ActiveCfg = Debug|Any CPU
		{29E7B947-27C4-4E9B-8FED-24F4BA7CF715}.Debug|Any CPU.Build.0 = Debug|Any CPU
		{29E7B947-27C4-4E9B-8FED-24F4BA7CF715}.Release|Any CPU.ActiveCfg = Release|Any CPU
		{29E7B947-27C4-4E9B-8FED-24F4BA7CF715}.Release|Any CPU.Build.0 = Release|Any CPU
		{C4736264-CA60-4216-B47D-F48131325045}.Debug|Any CPU.ActiveCfg = Debug|Any CPU
		{C4736264-CA60-4216-B47D-F48131325045}.Debug|Any CPU.Build.0 = Debug|Any CPU
		{C4736264-CA60-4216-B47D-F48131325045}.Release|Any CPU.ActiveCfg = Release|Any CPU
		{C4736264-CA60-4216-B47D-F48131325045}.Release|Any CPU.Build.0 = Release|Any CPU
		{F8F2590C-EE22-444C-B28A-3218414B79DF}.Debug|Any CPU.ActiveCfg = Debug|Any CPU
		{F8F2590C-EE22-444C-B28A-3218414B79DF}.Debug|Any CPU.Build.0 = Debug|Any CPU
		{F8F2590C-EE22-444C-B28A-3218414B79DF}.Release|Any CPU.ActiveCfg = Release|Any CPU
		{F8F2590C-EE22-444C-B28A-3218414B79DF}.Release|Any CPU.Build.0 = Release|Any CPU
	EndGlobalSection
	GlobalSection(SolutionProperties) = preSolution
		HideSolutionNode = FALSE
	EndGlobalSection
	GlobalSection(NestedProjects) = preSolution
		{FD9687B5-CEFE-4891-8C15-B30FFC93AE23} = {7DA58BB9-E046-4778-B49C-20D694E9E5FC}
		{A144AAB6-9E7C-4207-B951-3DA0D10393CE} = {7DA58BB9-E046-4778-B49C-20D694E9E5FC}
		{29E7B947-27C4-4E9B-8FED-24F4BA7CF715} = {ED2F19E5-B130-43DD-9114-72D7FA7C9A0A}
		{C4736264-CA60-4216-B47D-F48131325045} = {FD9687B5-CEFE-4891-8C15-B30FFC93AE23}
		{F8F2590C-EE22-444C-B28A-3218414B79DF} = {A144AAB6-9E7C-4207-B951-3DA0D10393CE}
	EndGlobalSection
	GlobalSection(ExtensibilityGlobals) = postSolution
		SolutionGuid = {2893FC2A-932F-4610-BDBE-E98CC4DABB1B}
	EndGlobalSection
EndGlobal
